
Microsoft Visual Studio Solution File, Format Version 12.00
# Visual Studio 15
VisualStudioVersion = 15.0.28010.2046
MinimumVisualStudioVersion = 10.0.40219.1
Project("{FAE04EC0-301F-11D3-BF4B-00C04F79EFBC}") = "Pomodoro.Android", "Pomodoro\Pomodoro.Android\Pomodoro.Android.csproj", "{BD7A9490-67B5-4F51-834C-70EFF2B680F0}"
EndProject
Project("{FAE04EC0-301F-11D3-BF4B-00C04F79EFBC}") = "Pomodoro.iOS", "Pomodoro\Pomodoro.iOS\Pomodoro.iOS.csproj", "{EC1CAB79-1046-4538-B46A-656D422D8539}"
EndProject
Project("{FAE04EC0-301F-11D3-BF4B-00C04F79EFBC}") = "Pomodoro", "Pomodoro\Pomodoro\Pomodoro.csproj", "{8CCB17C6-87DF-475C-9A74-96CA6DEB1D18}"
EndProject
Global
	GlobalSection(SolutionConfigurationPlatforms) = preSolution
		Ad-Hoc|Any CPU = Ad-Hoc|Any CPU
		Ad-Hoc|iPhone = Ad-Hoc|iPhone
		Ad-Hoc|iPhoneSimulator = Ad-Hoc|iPhoneSimulator
		AppStore|Any CPU = AppStore|Any CPU
		AppStore|iPhone = AppStore|iPhone
		AppStore|iPhoneSimulator = AppStore|iPhoneSimulator
		Debug|Any CPU = Debug|Any CPU
		Debug|iPhone = Debug|iPhone
		Debug|iPhoneSimulator = Debug|iPhoneSimulator
		Release|Any CPU = Release|Any CPU
		Release|iPhone = Release|iPhone
		Release|iPhoneSimulator = Release|iPhoneSimulator
	EndGlobalSection
	GlobalSection(ProjectConfigurationPlatforms) = postSolution
		{BD7A9490-67B5-4F51-834C-70EFF2B680F0}.Ad-Hoc|Any CPU.ActiveCfg = Release|Any CPU
		{BD7A9490-67B5-4F51-834C-70EFF2B680F0}.Ad-Hoc|Any CPU.Build.0 = Release|Any CPU
		{BD7A9490-67B5-4F51-834C-70EFF2B680F0}.Ad-Hoc|Any CPU.Deploy.0 = Release|Any CPU
		{BD7A9490-67B5-4F51-834C-70EFF2B680F0}.Ad-Hoc|iPhone.ActiveCfg = Release|Any CPU
		{BD7A9490-67B5-4F51-834C-70EFF2B680F0}.Ad-Hoc|iPhone.Build.0 = Release|Any CPU
		{BD7A9490-67B5-4F51-834C-70EFF2B680F0}.Ad-Hoc|iPhone.Deploy.0 = Release|Any CPU
		{BD7A9490-67B5-4F51-834C-70EFF2B680F0}.Ad-Hoc|iPhoneSimulator.ActiveCfg = Release|Any CPU
		{BD7A9490-67B5-4F51-834C-70EFF2B680F0}.Ad-Hoc|iPhoneSimulator.Build.0 = Release|Any CPU
		{BD7A9490-67B5-4F51-834C-70EFF2B680F0}.Ad-Hoc|iPhoneSimulator.Deploy.0 = Release|Any CPU
		{BD7A9490-67B5-4F51-834C-70EFF2B680F0}.AppStore|Any CPU.ActiveCfg = Release|Any CPU
		{BD7A9490-67B5-4F51-834C-70EFF2B680F0}.AppStore|Any CPU.Build.0 = Release|Any CPU
		{BD7A9490-67B5-4F51-834C-70EFF2B680F0}.AppStore|Any CPU.Deploy.0 = Release|Any CPU
		{BD7A9490-67B5-4F51-834C-70EFF2B680F0}.AppStore|iPhone.ActiveCfg = Release|Any CPU
		{BD7A9490-67B5-4F51-834C-70EFF2B680F0}.AppStore|iPhone.Build.0 = Release|Any CPU
		{BD7A9490-67B5-4F51-834C-70EFF2B680F0}.AppStore|iPhone.Deploy.0 = Release|Any CPU
		{BD7A9490-67B5-4F51-834C-70EFF2B680F0}.AppStore|iPhoneSimulator.ActiveCfg = Release|Any CPU
		{BD7A9490-67B5-4F51-834C-70EFF2B680F0}.AppStore|iPhoneSimulator.Build.0 = Release|Any CPU
		{BD7A9490-67B5-4F51-834C-70EFF2B680F0}.AppStore|iPhoneSimulator.Deploy.0 = Release|Any CPU
		{BD7A9490-67B5-4F51-834C-70EFF2B680F0}.Debug|Any CPU.ActiveCfg = Debug|Any CPU
		{BD7A9490-67B5-4F51-834C-70EFF2B680F0}.Debug|Any CPU.Build.0 = Debug|Any CPU
		{BD7A9490-67B5-4F51-834C-70EFF2B680F0}.Debug|Any CPU.Deploy.0 = Debug|Any CPU
		{BD7A9490-67B5-4F51-834C-70EFF2B680F0}.Debug|iPhone.ActiveCfg = Debug|Any CPU
		{BD7A9490-67B5-4F51-834C-70EFF2B680F0}.Debug|iPhone.Build.0 = Debug|Any CPU
		{BD7A9490-67B5-4F51-834C-70EFF2B680F0}.Debug|iPhone.Deploy.0 = Debug|Any CPU
		{BD7A9490-67B5-4F51-834C-70EFF2B680F0}.Debug|iPhoneSimulator.ActiveCfg = Debug|Any CPU
		{BD7A9490-67B5-4F51-834C-70EFF2B680F0}.Debug|iPhoneSimulator.Build.0 = Debug|Any CPU
		{BD7A9490-67B5-4F51-834C-70EFF2B680F0}.Debug|iPhoneSimulator.Deploy.0 = Debug|Any CPU
		{BD7A9490-67B5-4F51-834C-70EFF2B680F0}.Release|Any CPU.ActiveCfg = Release|Any CPU
		{BD7A9490-67B5-4F51-834C-70EFF2B680F0}.Release|Any CPU.Build.0 = Release|Any CPU
		{BD7A9490-67B5-4F51-834C-70EFF2B680F0}.Release|Any CPU.Deploy.0 = Release|Any CPU
		{BD7A9490-67B5-4F51-834C-70EFF2B680F0}.Release|iPhone.ActiveCfg = Release|Any CPU
		{BD7A9490-67B5-4F51-834C-70EFF2B680F0}.Release|iPhone.Build.0 = Release|Any CPU
		{BD7A9490-67B5-4F51-834C-70EFF2B680F0}.Release|iPhone.Deploy.0 = Release|Any CPU
		{BD7A9490-67B5-4F51-834C-70EFF2B680F0}.Release|iPhoneSimulator.ActiveCfg = Release|Any CPU
		{BD7A9490-67B5-4F51-834C-70EFF2B680F0}.Release|iPhoneSimulator.Build.0 = Release|Any CPU
		{BD7A9490-67B5-4F51-834C-70EFF2B680F0}.Release|iPhoneSimulator.Deploy.0 = Release|Any CPU
		{EC1CAB79-1046-4538-B46A-656D422D8539}.Ad-Hoc|Any CPU.ActiveCfg = Ad-Hoc|iPhone
		{EC1CAB79-1046-4538-B46A-656D422D8539}.Ad-Hoc|Any CPU.Build.0 = Ad-Hoc|iPhone
		{EC1CAB79-1046-4538-B46A-656D422D8539}.Ad-Hoc|Any CPU.Deploy.0 = Ad-Hoc|iPhone
		{EC1CAB79-1046-4538-B46A-656D422D8539}.Ad-Hoc|iPhone.ActiveCfg = Ad-Hoc|iPhone
		{EC1CAB79-1046-4538-B46A-656D422D8539}.Ad-Hoc|iPhone.Build.0 = Ad-Hoc|iPhone
		{EC1CAB79-1046-4538-B46A-656D422D8539}.Ad-Hoc|iPhone.Deploy.0 = Ad-Hoc|iPhone
		{EC1CAB79-1046-4538-B46A-656D422D8539}.Ad-Hoc|iPhoneSimulator.ActiveCfg = Ad-Hoc|iPhoneSimulator
		{EC1CAB79-1046-4538-B46A-656D422D8539}.Ad-Hoc|iPhoneSimulator.Build.0 = Ad-Hoc|iPhoneSimulator
		{EC1CAB79-1046-4538-B46A-656D422D8539}.Ad-Hoc|iPhoneSimulator.Deploy.0 = Ad-Hoc|iPhoneSimulator
		{EC1CAB79-1046-4538-B46A-656D422D8539}.AppStore|Any CPU.ActiveCfg = AppStore|iPhone
		{EC1CAB79-1046-4538-B46A-656D422D8539}.AppStore|Any CPU.Build.0 = AppStore|iPhone
		{EC1CAB79-1046-4538-B46A-656D422D8539}.AppStore|Any CPU.Deploy.0 = AppStore|iPhone
		{EC1CAB79-1046-4538-B46A-656D422D8539}.AppStore|iPhone.ActiveCfg = AppStore|iPhone
		{EC1CAB79-1046-4538-B46A-656D422D8539}.AppStore|iPhone.Build.0 = AppStore|iPhone
		{EC1CAB79-1046-4538-B46A-656D422D8539}.AppStore|iPhone.Deploy.0 = AppStore|iPhone
		{EC1CAB79-1046-4538-B46A-656D422D8539}.AppStore|iPhoneSimulator.ActiveCfg = AppStore|iPhoneSimulator
		{EC1CAB79-1046-4538-B46A-656D422D8539}.AppStore|iPhoneSimulator.Build.0 = AppStore|iPhoneSimulator
		{EC1CAB79-1046-4538-B46A-656D422D8539}.AppStore|iPhoneSimulator.Deploy.0 = AppStore|iPhoneSimulator
		{EC1CAB79-1046-4538-B46A-656D422D8539}.Debug|Any CPU.ActiveCfg = Debug|iPhoneSimulator
		{EC1CAB79-1046-4538-B46A-656D422D8539}.Debug|Any CPU.Build.0 = Debug|iPhoneSimulator
		{EC1CAB79-1046-4538-B46A-656D422D8539}.Debug|Any CPU.Deploy.0 = Debug|iPhoneSimulator
		{EC1CAB79-1046-4538-B46A-656D422D8539}.Debug|iPhone.ActiveCfg = Debug|iPhone
		{EC1CAB79-1046-4538-B46A-656D422D8539}.Debug|iPhone.Build.0 = Debug|iPhone
		{EC1CAB79-1046-4538-B46A-656D422D8539}.Debug|iPhone.Deploy.0 = Debug|iPhone
		{EC1CAB79-1046-4538-B46A-656D422D8539}.Debug|iPhoneSimulator.ActiveCfg = Debug|iPhoneSimulator
		{EC1CAB79-1046-4538-B46A-656D422D8539}.Debug|iPhoneSimulator.Build.0 = Debug|iPhoneSimulator
		{EC1CAB79-1046-4538-B46A-656D422D8539}.Debug|iPhoneSimulator.Deploy.0 = Debug|iPhoneSimulator
		{EC1CAB79-1046-4538-B46A-656D422D8539}.Release|Any CPU.ActiveCfg = Release|iPhone
		{EC1CAB79-1046-4538-B46A-656D422D8539}.Release|Any CPU.Build.0 = Release|iPhone
		{EC1CAB79-1046-4538-B46A-656D422D8539}.Release|Any CPU.Deploy.0 = Release|iPhone
		{EC1CAB79-1046-4538-B46A-656D422D8539}.Release|iPhone.ActiveCfg = Release|iPhone
		{EC1CAB79-1046-4538-B46A-656D422D8539}.Release|iPhone.Build.0 = Release|iPhone
		{EC1CAB79-1046-4538-B46A-656D422D8539}.Release|iPhone.Deploy.0 = Release|iPhone
		{EC1CAB79-1046-4538-B46A-656D422D8539}.Release|iPhoneSimulator.ActiveCfg = Release|iPhoneSimulator
		{EC1CAB79-1046-4538-B46A-656D422D8539}.Release|iPhoneSimulator.Build.0 = Release|iPhoneSimulator
		{EC1CAB79-1046-4538-B46A-656D422D8539}.Release|iPhoneSimulator.Deploy.0 = Release|iPhoneSimulator
		{8CCB17C6-87DF-475C-9A74-96CA6DEB1D18}.Ad-Hoc|Any CPU.ActiveCfg = Debug|Any CPU
		{8CCB17C6-87DF-475C-9A74-96CA6DEB1D18}.Ad-Hoc|Any CPU.Build.0 = Debug|Any CPU
		{8CCB17C6-87DF-475C-9A74-96CA6DEB1D18}.Ad-Hoc|Any CPU.Deploy.0 = Debug|Any CPU
		{8CCB17C6-87DF-475C-9A74-96CA6DEB1D18}.Ad-Hoc|iPhone.ActiveCfg = Debug|Any CPU
		{8CCB17C6-87DF-475C-9A74-96CA6DEB1D18}.Ad-Hoc|iPhone.Build.0 = Debug|Any CPU
		{8CCB17C6-87DF-475C-9A74-96CA6DEB1D18}.Ad-Hoc|iPhone.Deploy.0 = Debug|Any CPU
		{8CCB17C6-87DF-475C-9A74-96CA6DEB1D18}.Ad-Hoc|iPhoneSimulator.ActiveCfg = Debug|Any CPU
		{8CCB17C6-87DF-475C-9A74-96CA6DEB1D18}.Ad-Hoc|iPhoneSimulator.Build.0 = Debug|Any CPU
		{8CCB17C6-87DF-475C-9A74-96CA6DEB1D18}.Ad-Hoc|iPhoneSimulator.Deploy.0 = Debug|Any CPU
		{8CCB17C6-87DF-475C-9A74-96CA6DEB1D18}.AppStore|Any CPU.ActiveCfg = Debug|Any CPU
		{8CCB17C6-87DF-475C-9A74-96CA6DEB1D18}.AppStore|Any CPU.Build.0 = Debug|Any CPU
		{8CCB17C6-87DF-475C-9A74-96CA6DEB1D18}.AppStore|Any CPU.Deploy.0 = Debug|Any CPU
		{8CCB17C6-87DF-475C-9A74-96CA6DEB1D18}.AppStore|iPhone.ActiveCfg = Debug|Any CPU
		{8CCB17C6-87DF-475C-9A74-96CA6DEB1D18}.AppStore|iPhone.Build.0 = Debug|Any CPU
		{8CCB17C6-87DF-475C-9A74-96CA6DEB1D18}.AppStore|iPhone.Deploy.0 = Debug|Any CPU
		{8CCB17C6-87DF-475C-9A74-96CA6DEB1D18}.AppStore|iPhoneSimulator.ActiveCfg = Debug|Any CPU
		{8CCB17C6-87DF-475C-9A74-96CA6DEB1D18}.AppStore|iPhoneSimulator.Build.0 = Debug|Any CPU
		{8CCB17C6-87DF-475C-9A74-96CA6DEB1D18}.AppStore|iPhoneSimulator.Deploy.0 = Debug|Any CPU
		{8CCB17C6-87DF-475C-9A74-96CA6DEB1D18}.Debug|Any CPU.ActiveCfg = Debug|Any CPU
		{8CCB17C6-87DF-475C-9A74-96CA6DEB1D18}.Debug|Any CPU.Build.0 = Debug|Any CPU
		{8CCB17C6-87DF-475C-9A74-96CA6DEB1D18}.Debug|Any CPU.Deploy.0 = Debug|Any CPU
		{8CCB17C6-87DF-475C-9A74-96CA6DEB1D18}.Debug|iPhone.ActiveCfg = Debug|Any CPU
		{8CCB17C6-87DF-475C-9A74-96CA6DEB1D18}.Debug|iPhone.Build.0 = Debug|Any CPU
		{8CCB17C6-87DF-475C-9A74-96CA6DEB1D18}.Debug|iPhone.Deploy.0 = Debug|Any CPU
		{8CCB17C6-87DF-475C-9A74-96CA6DEB1D18}.Debug|iPhoneSimulator.ActiveCfg = Debug|Any CPU
		{8CCB17C6-87DF-475C-9A74-96CA6DEB1D18}.Debug|iPhoneSimulator.Build.0 = Debug|Any CPU
		{8CCB17C6-87DF-475C-9A74-96CA6DEB1D18}.Debug|iPhoneSimulator.Deploy.0 = Debug|Any CPU
		{8CCB17C6-87DF-475C-9A74-96CA6DEB1D18}.Release|Any CPU.ActiveCfg = Release|Any CPU
		{8CCB17C6-87DF-475C-9A74-96CA6DEB1D18}.Release|Any CPU.Build.0 = Release|Any CPU
		{8CCB17C6-87DF-475C-9A74-96CA6DEB1D18}.Release|Any CPU.Deploy.0 = Release|Any CPU
		{8CCB17C6-87DF-475C-9A74-96CA6DEB1D18}.Release|iPhone.ActiveCfg = Release|Any CPU
		{8CCB17C6-87DF-475C-9A74-96CA6DEB1D18}.Release|iPhone.Build.0 = Release|Any CPU
		{8CCB17C6-87DF-475C-9A74-96CA6DEB1D18}.Release|iPhone.Deploy.0 = Release|Any CPU
		{8CCB17C6-87DF-475C-9A74-96CA6DEB1D18}.Release|iPhoneSimulator.ActiveCfg = Release|Any CPU
		{8CCB17C6-87DF-475C-9A74-96CA6DEB1D18}.Release|iPhoneSimulator.Build.0 = Release|Any CPU
		{8CCB17C6-87DF-475C-9A74-96CA6DEB1D18}.Release|iPhoneSimulator.Deploy.0 = Release|Any CPU
	EndGlobalSection
	GlobalSection(SolutionProperties) = preSolution
		HideSolutionNode = FALSE
	EndGlobalSection
	GlobalSection(ExtensibilityGlobals) = postSolution
		SolutionGuid = {A8EAE762-910A-4F91-BED2-4CC4C00888A4}
	EndGlobalSection
EndGlobal
